PODS:
  - FBSnapshotTestCase (2.1.4):
    - FBSnapshotTestCase/SwiftSupport (= 2.1.4)
  - FBSnapshotTestCase/Core (2.1.4)
  - FBSnapshotTestCase/SwiftSupport (2.1.4):
    - FBSnapshotTestCase/Core
  - KRY_Tag (0.0.1):
    - KRY_Tag/Core (= 0.0.1)
  - KRY_Tag/Core (0.0.1)

DEPENDENCIES:
  - FBSnapshotTestCase
  - KRY_Tag (from `../`)

SPEC REPOS:
  https://github.com/cocoapods/specs.git:
    - FBSnapshotTestCase

EXTERNAL SOURCES:
  KRY_Tag:
    :path: "../"

SPEC CHECKSUMS:
  FBSnapshotTestCase: 094f9f314decbabe373b87cc339bea235a63e07a
  KRY_Tag: ea48c2f224281a5a73c361469a500c9a0af6829f

PODFILE CHECKSUM: fdd71aa25c326f48cef973111676131efb0c45da

COCOAPODS: 1.7.5
